
Microsoft Visual Studio Solution File, Format Version 11.00
# Visual Studio 2010
Project("{FAE04EC0-301F-11D3-BF4B-00C04F79EFBC}") = "BacteriaUnity", "Assembly-CSharp.csproj", "{082B8C42-C7D6-5B4B-88BC-D0F7685D7CCA}"
EndProject
Global
	GlobalSection(SolutionConfigurationPlatforms) = preSolution
		Debug|Any CPU = Debug|Any CPU
		Release|Any CPU = Release|Any CPU
	EndGlobalSection
	GlobalSection(ProjectConfigurationPlatforms) = postSolution
		{082B8C42-C7D6-5B4B-88BC-D0F7685D7CCA}.Debug|Any CPU.ActiveCfg = Debug|Any CPU
		{082B8C42-C7D6-5B4B-88BC-D0F7685D7CCA}.Debug|Any CPU.Build.0 = Debug|Any CPU
		{082B8C42-C7D6-5B4B-88BC-D0F7685D7CCA}.Release|Any CPU.ActiveCfg = Release|Any CPU
		{082B8C42-C7D6-5B4B-88BC-D0F7685D7CCA}.Release|Any CPU.Build.0 = Release|Any CPU
	EndGlobalSection
	GlobalSection(SolutionProperties) = preSolution
		HideSolutionNode = FALSE
	EndGlobalSection
	GlobalSection(MonoDevelopProperties) = preSolution
		StartupItem = Assembly-CSharp.csproj
	EndGlobalSection
EndGlobal
